
Microsoft Visual Studio Solution File, Format Version 12.00
# Visual Studio Version 17
VisualStudioVersion = 17.5.002.0
MinimumVisualStudioVersion = 10.0.40219.1
Project("{9A19103F-16F7-4668-BE54-9A1E7A4F7556}") = "interpoled", "interpoled.csproj", "{0C7CB8ED-7946-4D42-A456-D743EBB115FD}"
EndProject
Global
	GlobalSection(SolutionConfigurationPlatforms) = preSolution
		Debug|Any CPU = Debug|Any CPU
		Release|Any CPU = Release|Any CPU
	EndGlobalSection
	GlobalSection(ProjectConfigurationPlatforms) = postSolution
		{0C7CB8ED-7946-4D42-A456-D743EBB115FD}.Debug|Any CPU.ActiveCfg = Debug|Any CPU
		{0C7CB8ED-7946-4D42-A456-D743EBB115FD}.Debug|Any CPU.Build.0 = Debug|Any CPU
		{0C7CB8ED-7946-4D42-A456-D743EBB115FD}.Release|Any CPU.ActiveCfg = Release|Any CPU
		{0C7CB8ED-7946-4D42-A456-D743EBB115FD}.Release|Any CPU.Build.0 = Release|Any CPU
	EndGlobalSection
	GlobalSection(SolutionProperties) = preSolution
		HideSolutionNode = FALSE
	EndGlobalSection
	GlobalSection(ExtensibilityGlobals) = postSolution
		SolutionGuid = {972D7F9B-6F35-4C1B-A9A3-E1DEA0B1D1A3}
	EndGlobalSection
EndGlobal
